
Microsoft Visual Studio Solution File, Format Version 12.00
# Visual Studio Version 17
VisualStudioVersion = 17.0.32901.226
MinimumVisualStudioVersion = 10.0.40219.1
Project("{9A19103F-16F7-4668-BE54-9A1E7A4F7556}") = "AdventofCode2021", "AdventofCode2021.csproj", "{94AFFFCB-A150-4FD8-969F-AA254AFF03A4}"
EndProject
Project("{FAE04EC0-301F-11D3-BF4B-00C04F79EFBC}") = "AdventOfCodeTests", "..\AdventOfCodeTests\AdventOfCodeTests.csproj", "{54351E80-EB63-47EA-9ABA-33F8F18BDC25}"
EndProject
Global
	GlobalSection(SolutionConfigurationPlatforms) = preSolution
		Debug|Any CPU = Debug|Any CPU
		Release|Any CPU = Release|Any CPU
	EndGlobalSection
	GlobalSection(ProjectConfigurationPlatforms) = postSolution
		{94AFFFCB-A150-4FD8-969F-AA254AFF03A4}.Debug|Any CPU.ActiveCfg = Debug|Any CPU
		{94AFFFCB-A150-4FD8-969F-AA254AFF03A4}.Debug|Any CPU.Build.0 = Debug|Any CPU
		{94AFFFCB-A150-4FD8-969F-AA254AFF03A4}.Release|Any CPU.ActiveCfg = Release|Any CPU
		{94AFFFCB-A150-4FD8-969F-AA254AFF03A4}.Release|Any CPU.Build.0 = Release|Any CPU
		{54351E80-EB63-47EA-9ABA-33F8F18BDC25}.Debug|Any CPU.ActiveCfg = Debug|Any CPU
		{54351E80-EB63-47EA-9ABA-33F8F18BDC25}.Debug|Any CPU.Build.0 = Debug|Any CPU
		{54351E80-EB63-47EA-9ABA-33F8F18BDC25}.Release|Any CPU.ActiveCfg = Release|Any CPU
		{54351E80-EB63-47EA-9ABA-33F8F18BDC25}.Release|Any CPU.Build.0 = Release|Any CPU
	EndGlobalSection
	GlobalSection(SolutionProperties) = preSolution
		HideSolutionNode = FALSE
	EndGlobalSection
	GlobalSection(ExtensibilityGlobals) = postSolution
		SolutionGuid = {D25830E1-23DA-42A7-9351-BD3CFB566C6D}
	EndGlobalSection
EndGlobal
